// !$*UTF8*$!
{
	archiveVersion = 1;
	classes = {
	};
	objectVersion = 56;
	objects = {

/* Begin PBXBuildFile section */
		5B690A5D2A67F5E900F5E495 /* AppDelegate.swift in Sources */ = {isa = PBXBuildFile; fileRef = 5B690A5C2A67F5E900F5E495 /* AppDelegate.swift */; };
		5B690A5F2A67F5E900F5E495 /* SceneDelegate.swift in Sources */ = {isa = PBXBuildFile; fileRef = 5B690A5E2A67F5E900F5E495 /* SceneDelegate.swift */; };
		5B690A612A67F5E900F5E495 /* ViewController.swift in Sources */ = {isa = PBXBuildFile; fileRef = 5B690A602A67F5E900F5E495 /* ViewController.swift */; };
		5B690A642A67F5E900F5E495 /* Main.storyboard in Resources */ = {isa = PBXBuildFile; fileRef = 5B690A622A67F5E900F5E495 /* Main.storyboard */; };
		5B690A662A67F5EA00F5E495 /* Assets.xcassets in Resources */ = {isa = PBXBuildFile; fileRef = 5B690A652A67F5EA00F5E495 /* Assets.xcassets */; };
		5B690A692A67F5EA00F5E495 /* LaunchScreen.storyboard in Resources */ = {isa = PBXBuildFile; fileRef = 5B690A672A67F5EA00F5E495 /* LaunchScreen.storyboard */; };
		5B690A742A67F5EA00F5E495 /* NetworkMonitorTests.swift in Sources */ = {isa = PBXBuildFile; fileRef = 5B690A732A67F5EA00F5E495 /* NetworkMonitorTests.swift */; };
		5B690A7E2A67F5EA00F5E495 /* NetworkMonitorUITests.swift in Sources */ = {isa = PBXBuildFile; fileRef = 5B690A7D2A67F5EA00F5E495 /* NetworkMonitorUITests.swift */; };
		5B690A802A67F5EA00F5E495 /* NetworkMonitorUITestsLaunchTests.swift in Sources */ = {isa = PBXBuildFile; fileRef = 5B690A7F2A67F5EA00F5E495 /* NetworkMonitorUITestsLaunchTests.swift */; };
		5B690A8E2A67F9C600F5E495 /* ZNetworkDataManger.swift in Sources */ = {isa = PBXBuildFile; fileRef = 5B690A8D2A67F9C600F5E495 /* ZNetworkDataManger.swift */; };
		A902DC73BFA6E4CBF11CF4B3 /* Pods_NetworkMonitor.framework in Frameworks */ = {isa = PBXBuildFile; fileRef = F16203641D2E396057BB826D /* Pods_NetworkMonitor.framework */; };
/* End PBXBuildFile section */

/* Begin PBXContainerItemProxy section */
		5B690A702A67F5EA00F5E495 /* PBXContainerItemProxy */ = {
			isa = PBXContainerItemProxy;
			containerPortal = 5B690A512A67F5E900F5E495 /* Project object */;
			proxyType = 1;
			remoteGlobalIDString = 5B690A582A67F5E900F5E495;
			remoteInfo = NetworkMonitor;
		};
		5B690A7A2A67F5EA00F5E495 /* PBXContainerItemProxy */ = {
			isa = PBXContainerItemProxy;
			containerPortal = 5B690A512A67F5E900F5E495 /* Project object */;
			proxyType = 1;
			remoteGlobalIDString = 5B690A582A67F5E900F5E495;
			remoteInfo = NetworkMonitor;
		};
/* End PBXContainerItemProxy section */

/* Begin PBXFileReference section */
		5B690A592A67F5E900F5E495 /* NetworkMonitor.app */ = {isa = PBXFileReference; explicitFileType = wrapper.application; includeInIndex = 0; path = NetworkMonitor.app; sourceTree = BUILT_PRODUCTS_DIR; };
		5B690A5C2A67F5E900F5E495 /* AppDelegate.swift */ = {isa = PBXFileReference; lastKnownFileType = sourcecode.swift; path = AppDelegate.swift; sourceTree = "<group>"; };
		5B690A5E2A67F5E900F5E495 /* SceneDelegate.swift */ = {isa = PBXFileReference; lastKnownFileType = sourcecode.swift; path = SceneDelegate.swift; sourceTree = "<group>"; };
		5B690A602A67F5E900F5E495 /* ViewController.swift */ = {isa = PBXFileReference; lastKnownFileType = sourcecode.swift; path = ViewController.swift; sourceTree = "<group>"; };
		5B690A632A67F5E900F5E495 /* Base */ = {isa = PBXFileReference; lastKnownFileType = file.storyboard; name = Base; path = Base.lproj/Main.storyboard; sourceTree = "<group>"; };
		5B690A652A67F5EA00F5E495 /* Assets.xcassets */ = {isa = PBXFileReference; lastKnownFileType = folder.assetcatalog; path = Assets.xcassets; sourceTree = "<group>"; };
		5B690A682A67F5EA00F5E495 /* Base */ = {isa = PBXFileReference; lastKnownFileType = file.storyboard; name = Base; path = Base.lproj/LaunchScreen.storyboard; sourceTree = "<group>"; };
		5B690A6A2A67F5EA00F5E495 /* Info.plist */ = {isa = PBXFileReference; lastKnownFileType = text.plist.xml; path = Info.plist; sourceTree = "<group>"; };
		5B690A6F2A67F5EA00F5E495 /* NetworkMonitorTests.xctest */ = {isa = PBXFileReference; explicitFileType = wrapper.cfbundle; includeInIndex = 0; path = NetworkMonitorTests.xctest; sourceTree = BUILT_PRODUCTS_DIR; };
		5B690A732A67F5EA00F5E495 /* NetworkMonitorTests.swift */ = {isa = PBXFileReference; lastKnownFileType = sourcecode.swift; path = NetworkMonitorTests.swift; sourceTree = "<group>"; };
		5B690A792A67F5EA00F5E495 /* NetworkMonitorUITests.xctest */ = {isa = PBXFileReference; explicitFileType = wrapper.cfbundle; includeInIndex = 0; path = NetworkMonitorUITests.xctest; sourceTree = BUILT_PRODUCTS_DIR; };
		5B690A7D2A67F5EA00F5E495 /* NetworkMonitorUITests.swift */ = {isa = PBXFileReference; lastKnownFileType = sourcecode.swift; path = NetworkMonitorUITests.swift; sourceTree = "<group>"; };
		5B690A7F2A67F5EA00F5E495 /* NetworkMonitorUITestsLaunchTests.swift */ = {isa = PBXFileReference; lastKnownFileType = sourcecode.swift; path = NetworkMonitorUITestsLaunchTests.swift; sourceTree = "<group>"; };
		5B690A8D2A67F9C600F5E495 /* ZNetworkDataManger.swift */ = {isa = PBXFileReference; fileEncoding = 4; lastKnownFileType = sourcecode.swift; path = ZNetworkDataManger.swift; sourceTree = "<group>"; };
		C548489206D568FBD19E3664 /* Pods-NetworkMonitor.release.xcconfig */ = {isa = PBXFileReference; includeInIndex = 1; lastKnownFileType = text.xcconfig; name = "Pods-NetworkMonitor.release.xcconfig"; path = "Target Support Files/Pods-NetworkMonitor/Pods-NetworkMonitor.release.xcconfig"; sourceTree = "<group>"; };
		F16203641D2E396057BB826D /* Pods_NetworkMonitor.framework */ = {isa = PBXFileReference; explicitFileType = wrapper.framework; includeInIndex = 0; path = Pods_NetworkMonitor.framework; sourceTree = BUILT_PRODUCTS_DIR; };
		F1700F39D3067BE7CAD87879 /* Pods-NetworkMonitor.debug.xcconfig */ = {isa = PBXFileReference; includeInIndex = 1; lastKnownFileType = text.xcconfig; name = "Pods-NetworkMonitor.debug.xcconfig"; path = "Target Support Files/Pods-NetworkMonitor/Pods-NetworkMonitor.debug.xcconfig"; sourceTree = "<group>"; };
/* End PBXFileReference section */

/* Begin PBXFrameworksBuildPhase section */
		5B690A562A67F5E900F5E495 /* Frameworks */ = {
			isa = PBXFrameworksBuildPhase;
			buildActionMask = 2147483647;
			files = (
				A902DC73BFA6E4CBF11CF4B3 /* Pods_NetworkMonitor.framework in Frameworks */,
			);
			runOnlyForDeploymentPostprocessing = 0;
		};
		5B690A6C2A67F5EA00F5E495 /* Frameworks */ = {
			isa = PBXFrameworksBuildPhase;
			buildActionMask = 2147483647;
			files = (
			);
			runOnlyForDeploymentPostprocessing = 0;
		};
		5B690A762A67F5EA00F5E495 /* Frameworks */ = {
			isa = PBXFrameworksBuildPhase;
			buildActionMask = 2147483647;
			files = (
			);
			runOnlyForDeploymentPostprocessing = 0;
		};
/* End PBXFrameworksBuildPhase section */

/* Begin PBXGroup section */
		094AE770D87702985FE9F962 /* Pods */ = {
			isa = PBXGroup;
			children = (
				F1700F39D3067BE7CAD87879 /* Pods-NetworkMonitor.debug.xcconfig */,
				C548489206D568FBD19E3664 /* Pods-NetworkMonitor.release.xcconfig */,
			);
			name = Pods;
			path = Pods;
			sourceTree = "<group>";
		};
		5B690A502A67F5E900F5E495 = {
			isa = PBXGroup;
			children = (
				5B690A8C2A67F99200F5E495 /* iOSApp */,
				5B690A5B2A67F5E900F5E495 /* NetworkMonitor */,
				5B690A722A67F5EA00F5E495 /* NetworkMonitorTests */,
				5B690A7C2A67F5EA00F5E495 /* NetworkMonitorUITests */,
				5B690A5A2A67F5E900F5E495 /* Products */,
				094AE770D87702985FE9F962 /* Pods */,
				D942F8B035BDDD02B131A6BA /* Frameworks */,
			);
			sourceTree = "<group>";
		};
		5B690A5A2A67F5E900F5E495 /* Products */ = {
			isa = PBXGroup;
			children = (
				5B690A592A67F5E900F5E495 /* NetworkMonitor.app */,
				5B690A6F2A67F5EA00F5E495 /* NetworkMonitorTests.xctest */,
				5B690A792A67F5EA00F5E495 /* NetworkMonitorUITests.xctest */,
			);
			name = Products;
			sourceTree = "<group>";
		};
		5B690A5B2A67F5E900F5E495 /* NetworkMonitor */ = {
			isa = PBXGroup;
			children = (
				5B690A8D2A67F9C600F5E495 /* ZNetworkDataManger.swift */,
			);
			path = NetworkMonitor;
			sourceTree = "<group>";
		};
		5B690A722A67F5EA00F5E495 /* NetworkMonitorTests */ = {
			isa = PBXGroup;
			children = (
				5B690A732A67F5EA00F5E495 /* NetworkMonitorTests.swift */,
			);
			path = NetworkMonitorTests;
			sourceTree = "<group>";
		};
		5B690A7C2A67F5EA00F5E495 /* NetworkMonitorUITests */ = {
			isa = PBXGroup;
			children = (
				5B690A7D2A67F5EA00F5E495 /* NetworkMonitorUITests.swift */,
				5B690A7F2A67F5EA00F5E495 /* NetworkMonitorUITestsLaunchTests.swift */,
			);
			path = NetworkMonitorUITests;
			sourceTree = "<group>";
		};
		5B690A8C2A67F99200F5E495 /* iOSApp */ = {
			isa = PBXGroup;
			children = (
				5B690A5C2A67F5E900F5E495 /* AppDelegate.swift */,
				5B690A5E2A67F5E900F5E495 /* SceneDelegate.swift */,
				5B690A602A67F5E900F5E495 /* ViewController.swift */,
				5B690A622A67F5E900F5E495 /* Main.storyboard */,
				5B690A652A67F5EA00F5E495 /* Assets.xcassets */,
				5B690A672A67F5EA00F5E495 /* LaunchScreen.storyboard */,
				5B690A6A2A67F5EA00F5E495 /* Info.plist */,
			);
			path = iOSApp;
			sourceTree = "<group>";
		};
		D942F8B035BDDD02B131A6BA /* Frameworks */ = {
			isa = PBXGroup;
			children = (
				F16203641D2E396057BB826D /* Pods_NetworkMonitor.framework */,
			);
			name = Frameworks;
			sourceTree = "<group>";
		};
/* End PBXGroup section */

/* Begin PBXNativeTarget section */
		5B690A582A67F5E900F5E495 /* NetworkMonitor */ = {
			isa = PBXNativeTarget;
			buildConfigurationList = 5B690A832A67F5EA00F5E495 /* Build configuration list for PBXNativeTarget "NetworkMonitor" */;
			buildPhases = (
				9B91E200DBF7EE837AAE5F01 /* [CP] Check Pods Manifest.lock */,
				5B690A552A67F5E900F5E495 /* Sources */,
				5B690A562A67F5E900F5E495 /* Frameworks */,
				5B690A572A67F5E900F5E495 /* Resources */,
				5CEEE19DDF12646146035E08 /* [CP] Embed Pods Frameworks */,
			);
			buildRules = (
			);
			dependencies = (
			);
			name = NetworkMonitor;
			productName = NetworkMonitor;
			productReference = 5B690A592A67F5E900F5E495 /* NetworkMonitor.app */;
			productType = "com.apple.product-type.application";
		};
		5B690A6E2A67F5EA00F5E495 /* NetworkMonitorTests */ = {
			isa = PBXNativeTarget;
			buildConfigurationList = 5B690A862A67F5EA00F5E495 /* Build configuration list for PBXNativeTarget "NetworkMonitorTests" */;
			buildPhases = (
				5B690A6B2A67F5EA00F5E495 /* Sources */,
				5B690A6C2A67F5EA00F5E495 /* Frameworks */,
				5B690A6D2A67F5EA00F5E495 /* Resources */,
			);
			buildRules = (
			);
			dependencies = (
				5B690A712A67F5EA00F5E495 /* PBXTargetDependency */,
			);
			name = NetworkMonitorTests;
			productName = NetworkMonitorTests;
			productReference = 5B690A6F2A67F5EA00F5E495 /* NetworkMonitorTests.xctest */;
			productType = "com.apple.product-type.bundle.unit-test";
		};
		5B690A782A67F5EA00F5E495 /* NetworkMonitorUITests */ = {
			isa = PBXNativeTarget;
			buildConfigurationList = 5B690A892A67F5EA00F5E495 /* Build configuration list for PBXNativeTarget "NetworkMonitorUITests" */;
			buildPhases = (
				5B690A752A67F5EA00F5E495 /* Sources */,
				5B690A762A67F5EA00F5E495 /* Frameworks */,
				5B690A772A67F5EA00F5E495 /* Resources */,
			);
			buildRules = (
			);
			dependencies = (
				5B690A7B2A67F5EA00F5E495 /* PBXTargetDependency */,
			);
			name = NetworkMonitorUITests;
			productName = NetworkMonitorUITests;
			productReference = 5B690A792A67F5EA00F5E495 /* NetworkMonitorUITests.xctest */;
			productType = "com.apple.product-type.bundle.ui-testing";
		};
/* End PBXNativeTarget section */

/* Begin PBXProject section */
		5B690A512A67F5E900F5E495 /* Project object */ = {
			isa = PBXProject;
			attributes = {
				BuildIndependentTargetsInParallel = 1;
				LastSwiftUpdateCheck = 1430;
				LastUpgradeCheck = 1430;
				TargetAttributes = {
					5B690A582A67F5E900F5E495 = {
						CreatedOnToolsVersion = 14.3.1;
					};
					5B690A6E2A67F5EA00F5E495 = {
						CreatedOnToolsVersion = 14.3.1;
						TestTargetID = 5B690A582A67F5E900F5E495;
					};
					5B690A782A67F5EA00F5E495 = {
						CreatedOnToolsVersion = 14.3.1;
						TestTargetID = 5B690A582A67F5E900F5E495;
					};
				};
			};
			buildConfigurationList = 5B690A542A67F5E900F5E495 /* Build configuration list for PBXProject "NetworkMonitor" */;
			compatibilityVersion = "Xcode 14.0";
			developmentRegion = en;
			hasScannedForEncodings = 0;
			knownRegions = (
				en,
				Base,
			);
			mainGroup = 5B690A502A67F5E900F5E495;
			productRefGroup = 5B690A5A2A67F5E900F5E495 /* Products */;
			projectDirPath = "";
			projectRoot = "";
			targets = (
				5B690A582A67F5E900F5E495 /* NetworkMonitor */,
				5B690A6E2A67F5EA00F5E495 /* NetworkMonitorTests */,
				5B690A782A67F5EA00F5E495 /* NetworkMonitorUITests */,
			);
		};
/* End PBXProject section */

/* Begin PBXResourcesBuildPhase section */
		5B690A572A67F5E900F5E495 /* Resources */ = {
			isa = PBXResourcesBuildPhase;
			buildActionMask = 2147483647;
			files = (
				5B690A692A67F5EA00F5E495 /* LaunchScreen.storyboard in Resources */,
				5B690A662A67F5EA00F5E495 /* Assets.xcassets in Resources */,
				5B690A642A67F5E900F5E495 /* Main.storyboard in Resources */,
			);
			runOnlyForDeploymentPostprocessing = 0;
		};
		5B690A6D2A67F5EA00F5E495 /* Resources */ = {
			isa = PBXResourcesBuildPhase;
			buildActionMask = 2147483647;
			files = (
			);
			runOnlyForDeploymentPostprocessing = 0;
		};
		5B690A772A67F5EA00F5E495 /* Resources */ = {
			isa = PBXResourcesBuildPhase;
			buildActionMask = 2147483647;
			files = (
			);
			runOnlyForDeploymentPostprocessing = 0;
		};
/* End PBXResourcesBuildPhase section */

/* Begin PBXShellScriptBuildPhase section */
		5CEEE19DDF12646146035E08 /* [CP] Embed Pods Frameworks */ = {
			isa = PBXShellScriptBuildPhase;
			buildActionMask = 2147483647;
			files = (
			);
			inputFileListPaths = (
				"${PODS_ROOT}/Target Support Files/Pods-NetworkMonitor/Pods-NetworkMonitor-frameworks-${CONFIGURATION}-input-files.xcfilelist",
			);
			name = "[CP] Embed Pods Frameworks";
			outputFileListPaths = (
				"${PODS_ROOT}/Target Support Files/Pods-NetworkMonitor/Pods-NetworkMonitor-frameworks-${CONFIGURATION}-output-files.xcfilelist",
			);
			runOnlyForDeploymentPostprocessing = 0;
			shellPath = /bin/sh;
			shellScript = "\"${PODS_ROOT}/Target Support Files/Pods-NetworkMonitor/Pods-NetworkMonitor-frameworks.sh\"\n";
			showEnvVarsInLog = 0;
		};
		9B91E200DBF7EE837AAE5F01 /* [CP] Check Pods Manifest.lock */ = {
			isa = PBXShellScriptBuildPhase;
			buildActionMask = 2147483647;
			files = (
			);
			inputFileListPaths = (
			);
			inputPaths = (
				"${PODS_PODFILE_DIR_PATH}/Podfile.lock",
				"${PODS_ROOT}/Manifest.lock",
			);
			name = "[CP] Check Pods Manifest.lock";
			outputFileListPaths = (
			);
			outputPaths = (
				"$(DERIVED_FILE_DIR)/Pods-NetworkMonitor-checkManifestLockResult.txt",
			);
			runOnlyForDeploymentPostprocessing = 0;
			shellPath = /bin/sh;
			shellScript = "diff \"${PODS_PODFILE_DIR_PATH}/Podfile.lock\" \"${PODS_ROOT}/Manifest.lock\" > /dev/null\nif [ $? != 0 ] ; then\n    # print error to STDERR\n    echo \"error: The sandbox is not in sync with the Podfile.lock. Run 'pod install' or update your CocoaPods installation.\" >&2\n    exit 1\nfi\n# This output is used by Xcode 'outputs' to avoid re-running this script phase.\necho \"SUCCESS\" > \"${SCRIPT_OUTPUT_FILE_0}\"\n";
			showEnvVarsInLog = 0;
		};
/* End PBXShellScriptBuildPhase section */

/* Begin PBXSourcesBuildPhase section */
		5B690A552A67F5E900F5E495 /* Sources */ = {
			isa = PBXSourcesBuildPhase;
			buildActionMask = 2147483647;
			files = (
				5B690A612A67F5E900F5E495 /* ViewController.swift in Sources */,
				5B690A5D2A67F5E900F5E495 /* AppDelegate.swift in Sources */,
				5B690A5F2A67F5E900F5E495 /* SceneDelegate.swift in Sources */,
				5B690A8E2A67F9C600F5E495 /* ZNetworkDataManger.swift in Sources */,
			);
			runOnlyForDeploymentPostprocessing = 0;
		};
		5B690A6B2A67F5EA00F5E495 /* Sources */ = {
			isa = PBXSourcesBuildPhase;
			buildActionMask = 2147483647;
			files = (
				5B690A742A67F5EA00F5E495 /* NetworkMonitorTests.swift in Sources */,
			);
			runOnlyForDeploymentPostprocessing = 0;
		};
		5B690A752A67F5EA00F5E495 /* Sources */ = {
			isa = PBXSourcesBuildPhase;
			buildActionMask = 2147483647;
			files = (
				5B690A802A67F5EA00F5E495 /* NetworkMonitorUITestsLaunchTests.swift in Sources */,
				5B690A7E2A67F5EA00F5E495 /* NetworkMonitorUITests.swift in Sources */,
			);
			runOnlyForDeploymentPostprocessing = 0;
		};
/* End PBXSourcesBuildPhase section */

/* Begin PBXTargetDependency section */
		5B690A712A67F5EA00F5E495 /* PBXTargetDependency */ = {
			isa = PBXTargetDependency;
			target = 5B690A582A67F5E900F5E495 /* NetworkMonitor */;
			targetProxy = 5B690A702A67F5EA00F5E495 /* PBXContainerItemProxy */;
		};
		5B690A7B2A67F5EA00F5E495 /* PBXTargetDependency */ = {
			isa = PBXTargetDependency;
			target = 5B690A582A67F5E900F5E495 /* NetworkMonitor */;
			targetProxy = 5B690A7A2A67F5EA00F5E495 /* PBXContainerItemProxy */;
		};
/* End PBXTargetDependency section */

/* Begin PBXVariantGroup section */
		5B690A622A67F5E900F5E495 /* Main.storyboard */ = {
			isa = PBXVariantGroup;
			children = (
				5B690A632A67F5E900F5E495 /* Base */,
			);
			name = Main.storyboard;
			sourceTree = "<group>";
		};
		5B690A672A67F5EA00F5E495 /* LaunchScreen.storyboard */ = {
			isa = PBXVariantGroup;
			children = (
				5B690A682A67F5EA00F5E495 /* Base */,
			);
			name = LaunchScreen.storyboard;
			sourceTree = "<group>";
		};
/* End PBXVariantGroup section */

/* Begin XCBuildConfiguration section */
		5B690A812A67F5EA00F5E495 /* Debug */ = {
			isa = XCBuildConfiguration;
			buildSettings = {
				ALWAYS_SEARCH_USER_PATHS = NO;
				CLANG_ANALYZER_NONNULL = YES;
				CLANG_ANALYZER_NUMBER_OBJECT_CONVERSION = YES_AGGRESSIVE;
				CLANG_CXX_LANGUAGE_STANDARD = "gnu++20";
				CLANG_ENABLE_MODULES = YES;
				CLANG_ENABLE_OBJC_ARC = YES;
				CLANG_ENABLE_OBJC_WEAK = YES;
				CLANG_WARN_BLOCK_CAPTURE_AUTORELEASING = YES;
				CLANG_WARN_BOOL_CONVERSION = YES;
				CLANG_WARN_COMMA = YES;
				CLANG_WARN_CONSTANT_CONVERSION = YES;
				CLANG_WARN_DEPRECATED_OBJC_IMPLEMENTATIONS = YES;
				CLANG_WARN_DIRECT_OBJC_ISA_USAGE = YES_ERROR;
				CLANG_WARN_DOCUMENTATION_COMMENTS = YES;
				CLANG_WARN_EMPTY_BODY = YES;
				CLANG_WARN_ENUM_CONVERSION = YES;
				CLANG_WARN_INFINITE_RECURSION = YES;
				CLANG_WARN_INT_CONVERSION = YES;
				CLANG_WARN_NON_LITERAL_NULL_CONVERSION = YES;
				CLANG_WARN_OBJC_IMPLICIT_RETAIN_SELF = YES;
				CLANG_WARN_OBJC_LITERAL_CONVERSION = YES;
				CLANG_WARN_OBJC_ROOT_CLASS = YES_ERROR;
				CLANG_WARN_QUOTED_INCLUDE_IN_FRAMEWORK_HEADER = YES;
				CLANG_WARN_RANGE_LOOP_ANALYSIS = YES;
				CLANG_WARN_STRICT_PROTOTYPES = YES;
				CLANG_WARN_SUSPICIOUS_MOVE = YES;
				CLANG_WARN_UNGUARDED_AVAILABILITY = YES_AGGRESSIVE;
				CLANG_WARN_UNREACHABLE_CODE = YES;
				CLANG_WARN__DUPLICATE_METHOD_MATCH = YES;
				COPY_PHASE_STRIP = NO;
				DEBUG_INFORMATION_FORMAT = dwarf;
				ENABLE_STRICT_OBJC_MSGSEND = YES;
				ENABLE_TESTABILITY = YES;
				GCC_C_LANGUAGE_STANDARD = gnu11;
				GCC_DYNAMIC_NO_PIC = NO;
				GCC_NO_COMMON_BLOCKS = YES;
				GCC_OPTIMIZATION_LEVEL = 0;
				GCC_PREPROCESSOR_DEFINITIONS = (
					"DEBUG=1",
					"$(inherited)",
				);
				GCC_WARN_64_TO_32_BIT_CONVERSION = YES;
				GCC_WARN_ABOUT_RETURN_TYPE = YES_ERROR;
				GCC_WARN_UNDECLARED_SELECTOR = YES;
				GCC_WARN_UNINITIALIZED_AUTOS = YES_AGGRESSIVE;
				GCC_WARN_UNUSED_FUNCTION = YES;
				GCC_WARN_UNUSED_VARIABLE = YES;
				IPHONEOS_DEPLOYMENT_TARGET = 16.4;
				MTL_ENABLE_DEBUG_INFO = INCLUDE_SOURCE;
				MTL_FAST_MATH = YES;
				ONLY_ACTIVE_ARCH = YES;
				SDKROOT = iphoneos;
				SWIFT_ACTIVE_COMPILATION_CONDITIONS = DEBUG;
				SWIFT_OPTIMIZATION_LEVEL = "-Onone";
			};
			name = Debug;
		};
		5B690A822A67F5EA00F5E495 /* Release */ = {
			isa = XCBuildConfiguration;
			buildSettings = {
				ALWAYS_SEARCH_USER_PATHS = NO;
				CLANG_ANALYZER_NONNULL = YES;
				CLANG_ANALYZER_NUMBER_OBJECT_CONVERSION = YES_AGGRESSIVE;
				CLANG_CXX_LANGUAGE_STANDARD = "gnu++20";
				CLANG_ENABLE_MODULES = YES;
				CLANG_ENABLE_OBJC_ARC = YES;
				CLANG_ENABLE_OBJC_WEAK = YES;
				CLANG_WARN_BLOCK_CAPTURE_AUTORELEASING = YES;
				CLANG_WARN_BOOL_CONVERSION = YES;
				CLANG_WARN_COMMA = YES;
				CLANG_WARN_CONSTANT_CONVERSION = YES;
				CLANG_WARN_DEPRECATED_OBJC_IMPLEMENTATIONS = YES;
				CLANG_WARN_DIRECT_OBJC_ISA_USAGE = YES_ERROR;
				CLANG_WARN_DOCUMENTATION_COMMENTS = YES;
				CLANG_WARN_EMPTY_BODY = YES;
				CLANG_WARN_ENUM_CONVERSION = YES;
				CLANG_WARN_INFINITE_RECURSION = YES;
				CLANG_WARN_INT_CONVERSION = YES;
				CLANG_WARN_NON_LITERAL_NULL_CONVERSION = YES;
				CLANG_WARN_OBJC_IMPLICIT_RETAIN_SELF = YES;
				CLANG_WARN_OBJC_LITERAL_CONVERSION = YES;
				CLANG_WARN_OBJC_ROOT_CLASS = YES_ERROR;
				CLANG_WARN_QUOTED_INCLUDE_IN_FRAMEWORK_HEADER = YES;
				CLANG_WARN_RANGE_LOOP_ANALYSIS = YES;
				CLANG_WARN_STRICT_PROTOTYPES = YES;
				CLANG_WARN_SUSPICIOUS_MOVE = YES;
				CLANG_WARN_UNGUARDED_AVAILABILITY = YES_AGGRESSIVE;
				CLANG_WARN_UNREACHABLE_CODE = YES;
				CLANG_WARN__DUPLICATE_METHOD_MATCH = YES;
				COPY_PHASE_STRIP = NO;
				DEBUG_INFORMATION_FORMAT = "dwarf-with-dsym";
				ENABLE_NS_ASSERTIONS = NO;
				ENABLE_STRICT_OBJC_MSGSEND = YES;
				GCC_C_LANGUAGE_STANDARD = gnu11;
				GCC_NO_COMMON_BLOCKS = YES;
				GCC_WARN_64_TO_32_BIT_CONVERSION = YES;
				GCC_WARN_ABOUT_RETURN_TYPE = YES_ERROR;
				GCC_WARN_UNDECLARED_SELECTOR = YES;
				GCC_WARN_UNINITIALIZED_AUTOS = YES_AGGRESSIVE;
				GCC_WARN_UNUSED_FUNCTION = YES;
				GCC_WARN_UNUSED_VARIABLE = YES;
				IPHONEOS_DEPLOYMENT_TARGET = 16.4;
				MTL_ENABLE_DEBUG_INFO = NO;
				MTL_FAST_MATH = YES;
				SDKROOT = iphoneos;
				SWIFT_COMPILATION_MODE = wholemodule;
				SWIFT_OPTIMIZATION_LEVEL = "-O";
				VALIDATE_PRODUCT = YES;
			};
			name = Release;
		};
		5B690A842A67F5EA00F5E495 /* Debug */ = {
			isa = XCBuildConfiguration;
			baseConfigurationReference = F1700F39D3067BE7CAD87879 /* Pods-NetworkMonitor.debug.xcconfig */;
			buildSettings = {
				ASSETCATALOG_COMPILER_APPICON_NAME = AppIcon;
				ASSETCATALOG_COMPILER_GLOBAL_ACCENT_COLOR_NAME = AccentColor;
				CODE_SIGN_STYLE = Automatic;
				CURRENT_PROJECT_VERSION = 1;
				DEVELOPMENT_TEAM = 3RGGVZ29TN;
				GENERATE_INFOPLIST_FILE = YES;
				INFOPLIST_FILE = NetworkMonitor/Info.plist;
				INFOPLIST_KEY_UIApplicationSupportsIndirectInputEvents = YES;
				INFOPLIST_KEY_UILaunchStoryboardName = LaunchScreen;
				INFOPLIST_KEY_UIMainStoryboardFile = Main;
				INFOPLIST_KEY_UISupportedInterfaceOrientations_iPad = "UIInterfaceOrientationPortrait UIInterfaceOrientationPortraitUpsideDown UIInterfaceOrientationLandscapeLeft UIInterfaceOrientationLandscapeRight";
				INFOPLIST_KEY_UISupportedInterfaceOrientations_iPhone = "UIInterfaceOrientationPortrait UIInterfaceOrientationLandscapeLeft UIInterfaceOrientationLandscapeRight";
				LD_RUNPATH_SEARCH_PATHS = (
					"$(inherited)",
					"@executable_path/Frameworks",
				);
				MARKETING_VERSION = 1.0;
				PRODUCT_BUNDLE_IDENTIFIER = com.shyam.NetworkMonitor;
				PRODUCT_NAME = "$(TARGET_NAME)";
				SWIFT_EMIT_LOC_STRINGS = YES;
				SWIFT_VERSION = 5.0;
				TARGETED_DEVICE_FAMILY = "1,2";
			};
			name = Debug;
		};
		5B690A852A67F5EA00F5E495 /* Release */ = {
			isa = XCBuildConfiguration;
			baseConfigurationReference = C548489206D568FBD19E3664 /* Pods-NetworkMonitor.release.xcconfig */;
			buildSettings = {
				ASSETCATALOG_COMPILER_APPICON_NAME = AppIcon;
				ASSETCATALOG_COMPILER_GLOBAL_ACCENT_COLOR_NAME = AccentColor;
				CODE_SIGN_STYLE = Automatic;
				CURRENT_PROJECT_VERSION = 1;
				DEVELOPMENT_TEAM = 3RGGVZ29TN;
				GENERATE_INFOPLIST_FILE = YES;
				INFOPLIST_FILE = NetworkMonitor/Info.plist;
				INFOPLIST_KEY_UIApplicationSupportsIndirectInputEvents = YES;
				INFOPLIST_KEY_UILaunchStoryboardName = LaunchScreen;
				INFOPLIST_KEY_UIMainStoryboardFile = Main;
				INFOPLIST_KEY_UISupportedInterfaceOrientations_iPad = "UIInterfaceOrientationPortrait UIInterfaceOrientationPortraitUpsideDown UIInterfaceOrientationLandscapeLeft UIInterfaceOrientationLandscapeRight";
				INFOPLIST_KEY_UISupportedInterfaceOrientations_iPhone = "UIInterfaceOrientationPortrait UIInterfaceOrientationLandscapeLeft UIInterfaceOrientationLandscapeRight";
				LD_RUNPATH_SEARCH_PATHS = (
					"$(inherited)",
					"@executable_path/Frameworks",
				);
				MARKETING_VERSION = 1.0;
				PRODUCT_BUNDLE_IDENTIFIER = com.shyam.NetworkMonitor;
				PRODUCT_NAME = "$(TARGET_NAME)";
				SWIFT_EMIT_LOC_STRINGS = YES;
				SWIFT_VERSION = 5.0;
				TARGETED_DEVICE_FAMILY = "1,2";
			};
			name = Release;
		};
		5B690A872A67F5EA00F5E495 /* Debug */ = {
			isa = XCBuildConfiguration;
			buildSettings = {
				ALWAYS_EMBED_SWIFT_STANDARD_LIBRARIES = YES;
				BUNDLE_LOADER = "$(TEST_HOST)";
				CODE_SIGN_STYLE = Automatic;
				CURRENT_PROJECT_VERSION = 1;
				DEVELOPMENT_TEAM = 3RGGVZ29TN;
				GENERATE_INFOPLIST_FILE = YES;
				IPHONEOS_DEPLOYMENT_TARGET = 16.4;
				MARKETING_VERSION = 1.0;
				PRODUCT_BUNDLE_IDENTIFIER = com.shyam.NetworkMonitorTests;
				PRODUCT_NAME = "$(TARGET_NAME)";
				SWIFT_EMIT_LOC_STRINGS = NO;
				SWIFT_VERSION = 5.0;
				TARGETED_DEVICE_FAMILY = "1,2";
				TEST_HOST = "$(BUILT_PRODUCTS_DIR)/NetworkMonitor.app/$(BUNDLE_EXECUTABLE_FOLDER_PATH)/NetworkMonitor";
			};
			name = Debug;
		};
		5B690A882A67F5EA00F5E495 /* Release */ = {
			isa = XCBuildConfiguration;
			buildSettings = {
				ALWAYS_EMBED_SWIFT_STANDARD_LIBRARIES = YES;
				BUNDLE_LOADER = "$(TEST_HOST)";
				CODE_SIGN_STYLE = Automatic;
				CURRENT_PROJECT_VERSION = 1;
				DEVELOPMENT_TEAM = 3RGGVZ29TN;
				GENERATE_INFOPLIST_FILE = YES;
				IPHONEOS_DEPLOYMENT_TARGET = 16.4;
				MARKETING_VERSION = 1.0;
				PRODUCT_BUNDLE_IDENTIFIER = com.shyam.NetworkMonitorTests;
				PRODUCT_NAME = "$(TARGET_NAME)";
				SWIFT_EMIT_LOC_STRINGS = NO;
				SWIFT_VERSION = 5.0;
				TARGETED_DEVICE_FAMILY = "1,2";
				TEST_HOST = "$(BUILT_PRODUCTS_DIR)/NetworkMonitor.app/$(BUNDLE_EXECUTABLE_FOLDER_PATH)/NetworkMonitor";
			};
			name = Release;
		};
		5B690A8A2A67F5EA00F5E495 /* Debug */ = {
			isa = XCBuildConfiguration;
			buildSettings = {
				ALWAYS_EMBED_SWIFT_STANDARD_LIBRARIES = YES;
				CODE_SIGN_STYLE = Automatic;
				CURRENT_PROJECT_VERSION = 1;
				DEVELOPMENT_TEAM = 3RGGVZ29TN;
				GENERATE_INFOPLIST_FILE = YES;
				MARKETING_VERSION = 1.0;
				PRODUCT_BUNDLE_IDENTIFIER = com.shyam.NetworkMonitorUITests;
				PRODUCT_NAME = "$(TARGET_NAME)";
				SWIFT_EMIT_LOC_STRINGS = NO;
				SWIFT_VERSION = 5.0;
				TARGETED_DEVICE_FAMILY = "1,2";
				TEST_TARGET_NAME = NetworkMonitor;
			};
			name = Debug;
		};
		5B690A8B2A67F5EA00F5E495 /* Release */ = {
			isa = XCBuildConfiguration;
			buildSettings = {
				ALWAYS_EMBED_SWIFT_STANDARD_LIBRARIES = YES;
				CODE_SIGN_STYLE = Automatic;
				CURRENT_PROJECT_VERSION = 1;
				DEVELOPMENT_TEAM = 3RGGVZ29TN;
				GENERATE_INFOPLIST_FILE = YES;
				MARKETING_VERSION = 1.0;
				PRODUCT_BUNDLE_IDENTIFIER = com.shyam.NetworkMonitorUITests;
				PRODUCT_NAME = "$(TARGET_NAME)";
				SWIFT_EMIT_LOC_STRINGS = NO;
				SWIFT_VERSION = 5.0;
				TARGETED_DEVICE_FAMILY = "1,2";
				TEST_TARGET_NAME = NetworkMonitor;
			};
			name = Release;
		};
/* End XCBuildConfiguration section */

/* Begin XCConfigurationList section */
		5B690A542A67F5E900F5E495 /* Build configuration list for PBXProject "NetworkMonitor" */ = {
			isa = XCConfigurationList;
			buildConfigurations = (
				5B690A812A67F5EA00F5E495 /* Debug */,
				5B690A822A67F5EA00F5E495 /* Release */,
			);
			defaultConfigurationIsVisible = 0;
			defaultConfigurationName = Release;
		};
		5B690A832A67F5EA00F5E495 /* Build configuration list for PBXNativeTarget "NetworkMonitor" */ = {
			isa = XCConfigurationList;
			buildConfigurations = (
				5B690A842A67F5EA00F5E495 /* Debug */,
				5B690A852A67F5EA00F5E495 /* Release */,
			);
			defaultConfigurationIsVisible = 0;
			defaultConfigurationName = Release;
		};
		5B690A862A67F5EA00F5E495 /* Build configuration list for PBXNativeTarget "NetworkMonitorTests" */ = {
			isa = XCConfigurationList;
			buildConfigurations = (
				5B690A872A67F5EA00F5E495 /* Debug */,
				5B690A882A67F5EA00F5E495 /* Release */,
			);
			defaultConfigurationIsVisible = 0;
			defaultConfigurationName = Release;
		};
		5B690A892A67F5EA00F5E495 /* Build configuration list for PBXNativeTarget "NetworkMonitorUITests" */ = {
			isa = XCConfigurationList;
			buildConfigurations = (
				5B690A8A2A67F5EA00F5E495 /* Debug */,
				5B690A8B2A67F5EA00F5E495 /* Release */,
			);
			defaultConfigurationIsVisible = 0;
			defaultConfigurationName = Release;
		};
/* End XCConfigurationList section */
	};
	rootObject = 5B690A512A67F5E900F5E495 /* Project object */;
}
